
Microsoft Visual Studio Solution File, Format Version 12.00
# Visual Studio Version 17
VisualStudioVersion = 17.0.31903.59
MinimumVisualStudioVersion = 10.0.40219.1
Project("{2150E333-8FDC-42A3-9474-1A3956D46DE8}") = "src", "src", "{827E0CD3-B72D-47B6-A68D-7590B98EB39B}"
EndProject
Project("{2150E333-8FDC-42A3-9474-1A3956D46DE8}") = "BuildingBlocks", "BuildingBlocks", "{90298CBA-BD6F-3A0A-69D5-97CAD7B05E7E}"
EndProject
Project("{FAE04EC0-301F-11D3-BF4B-00C04F79EFBC}") = "Shared.Kernel", "src\BuildingBlocks\Shared.Kernel\Shared.Kernel.csproj", "{EA7CF89B-B293-4D32-9B40-F787EC255659}"
EndProject
Project("{2150E333-8FDC-42A3-9474-1A3956D46DE8}") = "Services", "Services", "{984BB9B3-3FA3-BE33-9484-CAC21695A33C}"
EndProject
Project("{2150E333-8FDC-42A3-9474-1A3956D46DE8}") = "Identity", "Identity", "{1BFC9479-12BF-35C3-06B8-42D89D95092B}"
EndProject
Project("{FAE04EC0-301F-11D3-BF4B-00C04F79EFBC}") = "Identity.Domain", "src\Services\Identity\Identity.Domain\Identity.Domain.csproj", "{749C522E-CB06-4913-85C4-D0811F5F57C1}"
EndProject
Project("{FAE04EC0-301F-11D3-BF4B-00C04F79EFBC}") = "Identity.Application", "src\Services\Identity\Identity.Application\Identity.Application.csproj", "{829AE51E-3837-41AF-AEE4-5364E8744EE5}"
EndProject
Project("{FAE04EC0-301F-11D3-BF4B-00C04F79EFBC}") = "Identity.Infrastructure", "src\Services\Identity\Identity.Infrastructure\Identity.Infrastructure.csproj", "{9FA9ED7C-C561-4595-9DCA-9835FB201388}"
EndProject
Project("{FAE04EC0-301F-11D3-BF4B-00C04F79EFBC}") = "Identity.API", "src\Services\Identity\Identity.API\Identity.API.csproj", "{E9E6E0CF-23DD-41F1-AF3A-1C21487B05B3}"
EndProject
Project("{FAE04EC0-301F-11D3-BF4B-00C04F79EFBC}") = "BizFlow.ProductAPI", "src\Services\BizFlow.ProductAPI\BizFlow.ProductAPI.csproj", "{19B11D0E-3455-4CD6-939E-4FAB5157A68F}"
EndProject
Project("{FAE04EC0-301F-11D3-BF4B-00C04F79EFBC}") = "BizFlow.OrderAPI", "src\Services\BizFlow.OrderAPI\BizFlow.OrderAPI.csproj", "{B2CA0891-23C2-426B-95B1-86A41B75196E}"
EndProject
Global
	GlobalSection(SolutionConfigurationPlatforms) = preSolution
		Debug|Any CPU = Debug|Any CPU
		Debug|x64 = Debug|x64
		Debug|x86 = Debug|x86
		Release|Any CPU = Release|Any CPU
		Release|x64 = Release|x64
		Release|x86 = Release|x86
	EndGlobalSection
	GlobalSection(ProjectConfigurationPlatforms) = postSolution
		{EA7CF89B-B293-4D32-9B40-F787EC255659}.Debug|Any CPU.ActiveCfg = Debug|Any CPU
		{EA7CF89B-B293-4D32-9B40-F787EC255659}.Debug|Any CPU.Build.0 = Debug|Any CPU
		{EA7CF89B-B293-4D32-9B40-F787EC255659}.Debug|x64.ActiveCfg = Debug|Any CPU
		{EA7CF89B-B293-4D32-9B40-F787EC255659}.Debug|x64.Build.0 = Debug|Any CPU
		{EA7CF89B-B293-4D32-9B40-F787EC255659}.Debug|x86.ActiveCfg = Debug|Any CPU
		{EA7CF89B-B293-4D32-9B40-F787EC255659}.Debug|x86.Build.0 = Debug|Any CPU
		{EA7CF89B-B293-4D32-9B40-F787EC255659}.Release|Any CPU.ActiveCfg = Release|Any CPU
		{EA7CF89B-B293-4D32-9B40-F787EC255659}.Release|Any CPU.Build.0 = Release|Any CPU
		{EA7CF89B-B293-4D32-9B40-F787EC255659}.Release|x64.ActiveCfg = Release|Any CPU
		{EA7CF89B-B293-4D32-9B40-F787EC255659}.Release|x64.Build.0 = Release|Any CPU
		{EA7CF89B-B293-4D32-9B40-F787EC255659}.Release|x86.ActiveCfg = Release|Any CPU
		{EA7CF89B-B293-4D32-9B40-F787EC255659}.Release|x86.Build.0 = Release|Any CPU
		{749C522E-CB06-4913-85C4-D0811F5F57C1}.Debug|Any CPU.ActiveCfg = Debug|Any CPU
		{749C522E-CB06-4913-85C4-D0811F5F57C1}.Debug|Any CPU.Build.0 = Debug|Any CPU
		{749C522E-CB06-4913-85C4-D0811F5F57C1}.Debug|x64.ActiveCfg = Debug|Any CPU
		{749C522E-CB06-4913-85C4-D0811F5F57C1}.Debug|x64.Build.0 = Debug|Any CPU
		{749C522E-CB06-4913-85C4-D0811F5F57C1}.Debug|x86.ActiveCfg = Debug|Any CPU
		{749C522E-CB06-4913-85C4-D0811F5F57C1}.Debug|x86.Build.0 = Debug|Any CPU
		{749C522E-CB06-4913-85C4-D0811F5F57C1}.Release|Any CPU.ActiveCfg = Release|Any CPU
		{749C522E-CB06-4913-85C4-D0811F5F57C1}.Release|Any CPU.Build.0 = Release|Any CPU
		{749C522E-CB06-4913-85C4-D0811F5F57C1}.Release|x64.ActiveCfg = Release|Any CPU
		{749C522E-CB06-4913-85C4-D0811F5F57C1}.Release|x64.Build.0 = Release|Any CPU
		{749C522E-CB06-4913-85C4-D0811F5F57C1}.Release|x86.ActiveCfg = Release|Any CPU
		{749C522E-CB06-4913-85C4-D0811F5F57C1}.Release|x86.Build.0 = Release|Any CPU
		{829AE51E-3837-41AF-AEE4-5364E8744EE5}.Debug|Any CPU.ActiveCfg = Debug|Any CPU
		{829AE51E-3837-41AF-AEE4-5364E8744EE5}.Debug|Any CPU.Build.0 = Debug|Any CPU
		{829AE51E-3837-41AF-AEE4-5364E8744EE5}.Debug|x64.ActiveCfg = Debug|Any CPU
		{829AE51E-3837-41AF-AEE4-5364E8744EE5}.Debug|x64.Build.0 = Debug|Any CPU
		{829AE51E-3837-41AF-AEE4-5364E8744EE5}.Debug|x86.ActiveCfg = Debug|Any CPU
		{829AE51E-3837-41AF-AEE4-5364E8744EE5}.Debug|x86.Build.0 = Debug|Any CPU
		{829AE51E-3837-41AF-AEE4-5364E8744EE5}.Release|Any CPU.ActiveCfg = Release|Any CPU
		{829AE51E-3837-41AF-AEE4-5364E8744EE5}.Release|Any CPU.Build.0 = Release|Any CPU
		{829AE51E-3837-41AF-AEE4-5364E8744EE5}.Release|x64.ActiveCfg = Release|Any CPU
		{829AE51E-3837-41AF-AEE4-5364E8744EE5}.Release|x64.Build.0 = Release|Any CPU
		{829AE51E-3837-41AF-AEE4-5364E8744EE5}.Release|x86.ActiveCfg = Release|Any CPU
		{829AE51E-3837-41AF-AEE4-5364E8744EE5}.Release|x86.Build.0 = Release|Any CPU
		{9FA9ED7C-C561-4595-9DCA-9835FB201388}.Debug|Any CPU.ActiveCfg = Debug|Any CPU
		{9FA9ED7C-C561-4595-9DCA-9835FB201388}.Debug|Any CPU.Build.0 = Debug|Any CPU
		{9FA9ED7C-C561-4595-9DCA-9835FB201388}.Debug|x64.ActiveCfg = Debug|Any CPU
		{9FA9ED7C-C561-4595-9DCA-9835FB201388}.Debug|x64.Build.0 = Debug|Any CPU
		{9FA9ED7C-C561-4595-9DCA-9835FB201388}.Debug|x86.ActiveCfg = Debug|Any CPU
		{9FA9ED7C-C561-4595-9DCA-9835FB201388}.Debug|x86.Build.0 = Debug|Any CPU
		{9FA9ED7C-C561-4595-9DCA-9835FB201388}.Release|Any CPU.ActiveCfg = Release|Any CPU
		{9FA9ED7C-C561-4595-9DCA-9835FB201388}.Release|Any CPU.Build.0 = Release|Any CPU
		{9FA9ED7C-C561-4595-9DCA-9835FB201388}.Release|x64.ActiveCfg = Release|Any CPU
		{9FA9ED7C-C561-4595-9DCA-9835FB201388}.Release|x64.Build.0 = Release|Any CPU
		{9FA9ED7C-C561-4595-9DCA-9835FB201388}.Release|x86.ActiveCfg = Release|Any CPU
		{9FA9ED7C-C561-4595-9DCA-9835FB201388}.Release|x86.Build.0 = Release|Any CPU
		{E9E6E0CF-23DD-41F1-AF3A-1C21487B05B3}.Debug|Any CPU.ActiveCfg = Debug|Any CPU
		{E9E6E0CF-23DD-41F1-AF3A-1C21487B05B3}.Debug|Any CPU.Build.0 = Debug|Any CPU
		{E9E6E0CF-23DD-41F1-AF3A-1C21487B05B3}.Debug|x64.ActiveCfg = Debug|Any CPU
		{E9E6E0CF-23DD-41F1-AF3A-1C21487B05B3}.Debug|x64.Build.0 = Debug|Any CPU
		{E9E6E0CF-23DD-41F1-AF3A-1C21487B05B3}.Debug|x86.ActiveCfg = Debug|Any CPU
		{E9E6E0CF-23DD-41F1-AF3A-1C21487B05B3}.Debug|x86.Build.0 = Debug|Any CPU
		{E9E6E0CF-23DD-41F1-AF3A-1C21487B05B3}.Release|Any CPU.ActiveCfg = Release|Any CPU
		{E9E6E0CF-23DD-41F1-AF3A-1C21487B05B3}.Release|Any CPU.Build.0 = Release|Any CPU
		{E9E6E0CF-23DD-41F1-AF3A-1C21487B05B3}.Release|x64.ActiveCfg = Release|Any CPU
		{E9E6E0CF-23DD-41F1-AF3A-1C21487B05B3}.Release|x64.Build.0 = Release|Any CPU
		{E9E6E0CF-23DD-41F1-AF3A-1C21487B05B3}.Release|x86.ActiveCfg = Release|Any CPU
		{E9E6E0CF-23DD-41F1-AF3A-1C21487B05B3}.Release|x86.Build.0 = Release|Any CPU
		{19B11D0E-3455-4CD6-939E-4FAB5157A68F}.Debug|Any CPU.ActiveCfg = Debug|Any CPU
		{19B11D0E-3455-4CD6-939E-4FAB5157A68F}.Debug|Any CPU.Build.0 = Debug|Any CPU
		{19B11D0E-3455-4CD6-939E-4FAB5157A68F}.Debug|x64.ActiveCfg = Debug|Any CPU
		{19B11D0E-3455-4CD6-939E-4FAB5157A68F}.Debug|x64.Build.0 = Debug|Any CPU
		{19B11D0E-3455-4CD6-939E-4FAB5157A68F}.Debug|x86.ActiveCfg = Debug|Any CPU
		{19B11D0E-3455-4CD6-939E-4FAB5157A68F}.Debug|x86.Build.0 = Debug|Any CPU
		{19B11D0E-3455-4CD6-939E-4FAB5157A68F}.Release|Any CPU.ActiveCfg = Release|Any CPU
		{19B11D0E-3455-4CD6-939E-4FAB5157A68F}.Release|Any CPU.Build.0 = Release|Any CPU
		{19B11D0E-3455-4CD6-939E-4FAB5157A68F}.Release|x64.ActiveCfg = Release|Any CPU
		{19B11D0E-3455-4CD6-939E-4FAB5157A68F}.Release|x64.Build.0 = Release|Any CPU
		{19B11D0E-3455-4CD6-939E-4FAB5157A68F}.Release|x86.ActiveCfg = Release|Any CPU
		{19B11D0E-3455-4CD6-939E-4FAB5157A68F}.Release|x86.Build.0 = Release|Any CPU
		{B2CA0891-23C2-426B-95B1-86A41B75196E}.Debug|Any CPU.ActiveCfg = Debug|Any CPU
		{B2CA0891-23C2-426B-95B1-86A41B75196E}.Debug|Any CPU.Build.0 = Debug|Any CPU
		{B2CA0891-23C2-426B-95B1-86A41B75196E}.Debug|x64.ActiveCfg = Debug|Any CPU
		{B2CA0891-23C2-426B-95B1-86A41B75196E}.Debug|x64.Build.0 = Debug|Any CPU
		{B2CA0891-23C2-426B-95B1-86A41B75196E}.Debug|x86.ActiveCfg = Debug|Any CPU
		{B2CA0891-23C2-426B-95B1-86A41B75196E}.Debug|x86.Build.0 = Debug|Any CPU
		{B2CA0891-23C2-426B-95B1-86A41B75196E}.Release|Any CPU.ActiveCfg = Release|Any CPU
		{B2CA0891-23C2-426B-95B1-86A41B75196E}.Release|Any CPU.Build.0 = Release|Any CPU
		{B2CA0891-23C2-426B-95B1-86A41B75196E}.Release|x64.ActiveCfg = Release|Any CPU
		{B2CA0891-23C2-426B-95B1-86A41B75196E}.Release|x64.Build.0 = Release|Any CPU
		{B2CA0891-23C2-426B-95B1-86A41B75196E}.Release|x86.ActiveCfg = Release|Any CPU
		{B2CA0891-23C2-426B-95B1-86A41B75196E}.Release|x86.Build.0 = Release|Any CPU
	EndGlobalSection
	GlobalSection(SolutionProperties) = preSolution
		HideSolutionNode = FALSE
	EndGlobalSection
	GlobalSection(NestedProjects) = preSolution
		{90298CBA-BD6F-3A0A-69D5-97CAD7B05E7E} = {827E0CD3-B72D-47B6-A68D-7590B98EB39B}
		{EA7CF89B-B293-4D32-9B40-F787EC255659} = {90298CBA-BD6F-3A0A-69D5-97CAD7B05E7E}
		{984BB9B3-3FA3-BE33-9484-CAC21695A33C} = {827E0CD3-B72D-47B6-A68D-7590B98EB39B}
		{1BFC9479-12BF-35C3-06B8-42D89D95092B} = {984BB9B3-3FA3-BE33-9484-CAC21695A33C}
		{749C522E-CB06-4913-85C4-D0811F5F57C1} = {1BFC9479-12BF-35C3-06B8-42D89D95092B}
		{829AE51E-3837-41AF-AEE4-5364E8744EE5} = {1BFC9479-12BF-35C3-06B8-42D89D95092B}
		{9FA9ED7C-C561-4595-9DCA-9835FB201388} = {1BFC9479-12BF-35C3-06B8-42D89D95092B}
		{E9E6E0CF-23DD-41F1-AF3A-1C21487B05B3} = {1BFC9479-12BF-35C3-06B8-42D89D95092B}
		{19B11D0E-3455-4CD6-939E-4FAB5157A68F} = {984BB9B3-3FA3-BE33-9484-CAC21695A33C}
		{B2CA0891-23C2-426B-95B1-86A41B75196E} = {984BB9B3-3FA3-BE33-9484-CAC21695A33C}
	EndGlobalSection
EndGlobal
